
Microsoft Visual Studio Solution File, Format Version 12.00
# Visual Studio Version 17
VisualStudioVersion = 17.14.36518.9
MinimumVisualStudioVersion = 10.0.40219.1
Project("{2150E333-8FDC-42A3-9474-1A3956D46DE8}") = "InventoryManagement", "InventoryManagement", "{E42642A8-2C21-C9FC-D95C-85221AE5E9E5}"
EndProject
Project("{FAE04EC0-301F-11D3-BF4B-00C04F79EFBC}") = "Infrastructure", "InventoryManagement\Infrastructure\Infrastructure.csproj", "{CD7A1198-51E5-4C69-B822-504CC6C5D75E}"
EndProject
Project("{FAE04EC0-301F-11D3-BF4B-00C04F79EFBC}") = "Domain", "InventoryManagement\Domain\Domain.csproj", "{488CC13C-0CB7-4A52-87B3-1A8B09044DE5}"
EndProject
Project("{FAE04EC0-301F-11D3-BF4B-00C04F79EFBC}") = "Application", "InventoryManagement\Application\Application.csproj", "{9575A510-7F09-497A-87AF-9435A61E2604}"
EndProject
Project("{FAE04EC0-301F-11D3-BF4B-00C04F79EFBC}") = "InventoryManagement.Application.Tests", "InventoryManagement.Application.Tests\InventoryManagement.Application.Tests.csproj", "{E44EB6E6-1766-4435-9EB8-AD644926982C}"
EndProject
Global
	GlobalSection(SolutionConfigurationPlatforms) = preSolution
		Debug|Any CPU = Debug|Any CPU
		Debug|x64 = Debug|x64
		Debug|x86 = Debug|x86
		Release|Any CPU = Release|Any CPU
		Release|x64 = Release|x64
		Release|x86 = Release|x86
	EndGlobalSection
	GlobalSection(ProjectConfigurationPlatforms) = postSolution
		{CD7A1198-51E5-4C69-B822-504CC6C5D75E}.Debug|Any CPU.ActiveCfg = Debug|Any CPU
		{CD7A1198-51E5-4C69-B822-504CC6C5D75E}.Debug|Any CPU.Build.0 = Debug|Any CPU
		{CD7A1198-51E5-4C69-B822-504CC6C5D75E}.Debug|x64.ActiveCfg = Debug|Any CPU
		{CD7A1198-51E5-4C69-B822-504CC6C5D75E}.Debug|x64.Build.0 = Debug|Any CPU
		{CD7A1198-51E5-4C69-B822-504CC6C5D75E}.Debug|x86.ActiveCfg = Debug|Any CPU
		{CD7A1198-51E5-4C69-B822-504CC6C5D75E}.Debug|x86.Build.0 = Debug|Any CPU
		{CD7A1198-51E5-4C69-B822-504CC6C5D75E}.Release|Any CPU.ActiveCfg = Release|Any CPU
		{CD7A1198-51E5-4C69-B822-504CC6C5D75E}.Release|Any CPU.Build.0 = Release|Any CPU
		{CD7A1198-51E5-4C69-B822-504CC6C5D75E}.Release|x64.ActiveCfg = Release|Any CPU
		{CD7A1198-51E5-4C69-B822-504CC6C5D75E}.Release|x64.Build.0 = Release|Any CPU
		{CD7A1198-51E5-4C69-B822-504CC6C5D75E}.Release|x86.ActiveCfg = Release|Any CPU
		{CD7A1198-51E5-4C69-B822-504CC6C5D75E}.Release|x86.Build.0 = Release|Any CPU
		{488CC13C-0CB7-4A52-87B3-1A8B09044DE5}.Debug|Any CPU.ActiveCfg = Debug|Any CPU
		{488CC13C-0CB7-4A52-87B3-1A8B09044DE5}.Debug|Any CPU.Build.0 = Debug|Any CPU
		{488CC13C-0CB7-4A52-87B3-1A8B09044DE5}.Debug|x64.ActiveCfg = Debug|Any CPU
		{488CC13C-0CB7-4A52-87B3-1A8B09044DE5}.Debug|x64.Build.0 = Debug|Any CPU
		{488CC13C-0CB7-4A52-87B3-1A8B09044DE5}.Debug|x86.ActiveCfg = Debug|Any CPU
		{488CC13C-0CB7-4A52-87B3-1A8B09044DE5}.Debug|x86.Build.0 = Debug|Any CPU
		{488CC13C-0CB7-4A52-87B3-1A8B09044DE5}.Release|Any CPU.ActiveCfg = Release|Any CPU
		{488CC13C-0CB7-4A52-87B3-1A8B09044DE5}.Release|Any CPU.Build.0 = Release|Any CPU
		{488CC13C-0CB7-4A52-87B3-1A8B09044DE5}.Release|x64.ActiveCfg = Release|Any CPU
		{488CC13C-0CB7-4A52-87B3-1A8B09044DE5}.Release|x64.Build.0 = Release|Any CPU
		{488CC13C-0CB7-4A52-87B3-1A8B09044DE5}.Release|x86.ActiveCfg = Release|Any CPU
		{488CC13C-0CB7-4A52-87B3-1A8B09044DE5}.Release|x86.Build.0 = Release|Any CPU
		{9575A510-7F09-497A-87AF-9435A61E2604}.Debug|Any CPU.ActiveCfg = Debug|Any CPU
		{9575A510-7F09-497A-87AF-9435A61E2604}.Debug|Any CPU.Build.0 = Debug|Any CPU
		{9575A510-7F09-497A-87AF-9435A61E2604}.Debug|x64.ActiveCfg = Debug|Any CPU
		{9575A510-7F09-497A-87AF-9435A61E2604}.Debug|x64.Build.0 = Debug|Any CPU
		{9575A510-7F09-497A-87AF-9435A61E2604}.Debug|x86.ActiveCfg = Debug|Any CPU
		{9575A510-7F09-497A-87AF-9435A61E2604}.Debug|x86.Build.0 = Debug|Any CPU
		{9575A510-7F09-497A-87AF-9435A61E2604}.Release|Any CPU.ActiveCfg = Release|Any CPU
		{9575A510-7F09-497A-87AF-9435A61E2604}.Release|Any CPU.Build.0 = Release|Any CPU
		{9575A510-7F09-497A-87AF-9435A61E2604}.Release|x64.ActiveCfg = Release|Any CPU
		{9575A510-7F09-497A-87AF-9435A61E2604}.Release|x64.Build.0 = Release|Any CPU
		{9575A510-7F09-497A-87AF-9435A61E2604}.Release|x86.ActiveCfg = Release|Any CPU
		{9575A510-7F09-497A-87AF-9435A61E2604}.Release|x86.Build.0 = Release|Any CPU
		{E44EB6E6-1766-4435-9EB8-AD644926982C}.Debug|Any CPU.ActiveCfg = Debug|Any CPU
		{E44EB6E6-1766-4435-9EB8-AD644926982C}.Debug|Any CPU.Build.0 = Debug|Any CPU
		{E44EB6E6-1766-4435-9EB8-AD644926982C}.Debug|x64.ActiveCfg = Debug|Any CPU
		{E44EB6E6-1766-4435-9EB8-AD644926982C}.Debug|x64.Build.0 = Debug|Any CPU
		{E44EB6E6-1766-4435-9EB8-AD644926982C}.Debug|x86.ActiveCfg = Debug|Any CPU
		{E44EB6E6-1766-4435-9EB8-AD644926982C}.Debug|x86.Build.0 = Debug|Any CPU
		{E44EB6E6-1766-4435-9EB8-AD644926982C}.Release|Any CPU.ActiveCfg = Release|Any CPU
		{E44EB6E6-1766-4435-9EB8-AD644926982C}.Release|Any CPU.Build.0 = Release|Any CPU
		{E44EB6E6-1766-4435-9EB8-AD644926982C}.Release|x64.ActiveCfg = Release|Any CPU
		{E44EB6E6-1766-4435-9EB8-AD644926982C}.Release|x64.Build.0 = Release|Any CPU
		{E44EB6E6-1766-4435-9EB8-AD644926982C}.Release|x86.ActiveCfg = Release|Any CPU
		{E44EB6E6-1766-4435-9EB8-AD644926982C}.Release|x86.Build.0 = Release|Any CPU
	EndGlobalSection
	GlobalSection(SolutionProperties) = preSolution
		HideSolutionNode = FALSE
	EndGlobalSection
	GlobalSection(NestedProjects) = preSolution
		{CD7A1198-51E5-4C69-B822-504CC6C5D75E} = {E42642A8-2C21-C9FC-D95C-85221AE5E9E5}
		{488CC13C-0CB7-4A52-87B3-1A8B09044DE5} = {E42642A8-2C21-C9FC-D95C-85221AE5E9E5}
		{9575A510-7F09-497A-87AF-9435A61E2604} = {E42642A8-2C21-C9FC-D95C-85221AE5E9E5}
	EndGlobalSection
	GlobalSection(ExtensibilityGlobals) = postSolution
		SolutionGuid = {05BE9BC2-71D2-4D7C-9DA6-FE9F8E6AE053}
	EndGlobalSection
EndGlobal
